
Microsoft Visual Studio Solution File, Format Version 12.00
Project("{2150E333-8FDC-42A3-9474-1A3956D46DE8}") = "src", "src", "{1F0CB0B9-7F76-49E0-A95F-4644512E2585}"
EndProject
Project("{2150E333-8FDC-42A3-9474-1A3956D46DE8}") = "tests", "tests", "{034CFB37-9149-4121-A288-C79658E8BA86}"
EndProject
Project("{FAE04EC0-301F-11D3-BF4B-00C04F79EFBC}") = "CookBook.Core", "src\CookBook.Core\CookBook.Core.csproj", "{705D8400-A88B-4629-B009-4BCFA9793AD4}"
EndProject
Project("{FAE04EC0-301F-11D3-BF4B-00C04F79EFBC}") = "CookBook.Infrastructure", "src\CookBook.Infrastructure\CookBook.Infrastructure.csproj", "{15202B38-AAA9-42E8-9602-6AEADC3D8A80}"
EndProject
Project("{FAE04EC0-301F-11D3-BF4B-00C04F79EFBC}") = "CookBook.Application", "src\CookBook.Application\CookBook.Application.csproj", "{CC32E96B-31C2-438A-988C-820B5372B52B}"
EndProject
Project("{FAE04EC0-301F-11D3-BF4B-00C04F79EFBC}") = "CookBook.Blazor.Server", "src\CookBook.Blazor\Server\CookBook.Blazor.Server.csproj", "{8C7DB6D0-6C7A-4A9D-B5C3-73546B9D734F}"
EndProject
Project("{FAE04EC0-301F-11D3-BF4B-00C04F79EFBC}") = "CookBook.Blazor.Client", "src\CookBook.Blazor\Client\CookBook.Blazor.Client.csproj", "{C0D1CB07-3113-4D1A-B686-D57D37AE30EB}"
EndProject
Project("{FAE04EC0-301F-11D3-BF4B-00C04F79EFBC}") = "CookBook.Application.Tests", "tests\CookBook.Application.Tests\CookBook.Application.Tests.csproj", "{7E25A1A6-2F50-4E47-B71F-99889F0E2C56}"
EndProject
Project("{FAE04EC0-301F-11D3-BF4B-00C04F79EFBC}") = "CookBook.Core.Tests", "tests\CookBook.Core.Tests\CookBook.Core.Tests.csproj", "{714E9751-FF32-435D-BE28-E73BEFD19F25}"
EndProject
Project("{FAE04EC0-301F-11D3-BF4B-00C04F79EFBC}") = "CookBook.Server.Tests", "tests\CookBook.Server.Tests\CookBook.Server.Tests.csproj", "{74B071A4-9F39-478A-B24F-AD797AE8CC6E}"
EndProject
Project("{2150E333-8FDC-42A3-9474-1A3956D46DE8}") = "libs", "libs", "{8D1D6183-5150-4C5E-9793-9EEB05EC66D1}"
EndProject
Project("{2150E333-8FDC-42A3-9474-1A3956D46DE8}") = "src", "src", "{7238394A-B73B-4CD1-97E9-FBA376A5686A}"
EndProject
Project("{FAE04EC0-301F-11D3-BF4B-00C04F79EFBC}") = "Sawnet.Application", "libs\src\Sawnet.Application\Sawnet.Application.csproj", "{3EBF0C39-CEAC-40BF-95F9-4EF8AB71DCF3}"
EndProject
Project("{FAE04EC0-301F-11D3-BF4B-00C04F79EFBC}") = "Sawnet.Core", "libs\src\Sawnet.Core\Sawnet.Core.csproj", "{B1C541DA-2C0B-4A82-9028-4BDC6062B86C}"
EndProject
Project("{FAE04EC0-301F-11D3-BF4B-00C04F79EFBC}") = "Sawnet.Infrastructure", "libs\src\Sawnet.Infrastructure\Sawnet.Infrastructure.csproj", "{F981CAC2-0D21-4F88-99FF-6AC121FE91DB}"
EndProject
Project("{FAE04EC0-301F-11D3-BF4B-00C04F79EFBC}") = "Sawnet.Server", "libs\src\Sawnet.Server\Sawnet.Server.csproj", "{39F631BC-E8BC-4846-9DA5-CF8D6BA8CC9E}"
EndProject
Project("{FAE04EC0-301F-11D3-BF4B-00C04F79EFBC}") = "Sawnet.Testing", "libs\src\Sawnet.Testing\Sawnet.Testing.csproj", "{25AA9295-5980-4EDB-B6F8-FD5D58E5CC0B}"
EndProject
Project("{FAE04EC0-301F-11D3-BF4B-00C04F79EFBC}") = "CookBook.Test", "tests\CookBook.Test\CookBook.Test.csproj", "{20C13E03-FD34-4464-8BC7-A90E6A35306B}"
EndProject
Project("{2150E333-8FDC-42A3-9474-1A3956D46DE8}") = "tests", "tests", "{2FA392D2-DFDB-48C1-A4C0-BAC6E5C78CE9}"
EndProject
Project("{FAE04EC0-301F-11D3-BF4B-00C04F79EFBC}") = "Sawnet.Core.Tests", "libs\tests\Sawnet.Core.Tests\Sawnet.Core.Tests.csproj", "{DF25E1C3-BCE7-4719-9991-D816B8F612D8}"
EndProject
Project("{FAE04EC0-301F-11D3-BF4B-00C04F79EFBC}") = "CookBook.Shared", "src\CookBook.Shared\CookBook.Shared.csproj", "{D7FB3DF0-BA8C-4907-A2E9-1C1BD97A1DF0}"
EndProject
Project("{FAE04EC0-301F-11D3-BF4B-00C04F79EFBC}") = "Sawnet.Blazor", "libs\src\Sawnet.Blazor\Sawnet.Blazor.csproj", "{947387D0-0878-4B94-92CF-9F02D7A85AB1}"
EndProject
Project("{FAE04EC0-301F-11D3-BF4B-00C04F79EFBC}") = "Sawnet.Application.Tests", "libs\tests\Sawnet.Application.Tests\Sawnet.Application.Tests.csproj", "{B6DFF5FF-28A1-4443-A35D-E836CABF40DF}"
EndProject
Global
	GlobalSection(SolutionConfigurationPlatforms) = preSolution
		Debug|Any CPU = Debug|Any CPU
		Release|Any CPU = Release|Any CPU
	EndGlobalSection
	GlobalSection(NestedProjects) = preSolution
		{705D8400-A88B-4629-B009-4BCFA9793AD4} = {1F0CB0B9-7F76-49E0-A95F-4644512E2585}
		{15202B38-AAA9-42E8-9602-6AEADC3D8A80} = {1F0CB0B9-7F76-49E0-A95F-4644512E2585}
		{CC32E96B-31C2-438A-988C-820B5372B52B} = {1F0CB0B9-7F76-49E0-A95F-4644512E2585}
		{8C7DB6D0-6C7A-4A9D-B5C3-73546B9D734F} = {1F0CB0B9-7F76-49E0-A95F-4644512E2585}
		{C0D1CB07-3113-4D1A-B686-D57D37AE30EB} = {1F0CB0B9-7F76-49E0-A95F-4644512E2585}
		{7E25A1A6-2F50-4E47-B71F-99889F0E2C56} = {034CFB37-9149-4121-A288-C79658E8BA86}
		{714E9751-FF32-435D-BE28-E73BEFD19F25} = {034CFB37-9149-4121-A288-C79658E8BA86}
		{74B071A4-9F39-478A-B24F-AD797AE8CC6E} = {034CFB37-9149-4121-A288-C79658E8BA86}
		{7238394A-B73B-4CD1-97E9-FBA376A5686A} = {8D1D6183-5150-4C5E-9793-9EEB05EC66D1}
		{3EBF0C39-CEAC-40BF-95F9-4EF8AB71DCF3} = {7238394A-B73B-4CD1-97E9-FBA376A5686A}
		{B1C541DA-2C0B-4A82-9028-4BDC6062B86C} = {7238394A-B73B-4CD1-97E9-FBA376A5686A}
		{F981CAC2-0D21-4F88-99FF-6AC121FE91DB} = {7238394A-B73B-4CD1-97E9-FBA376A5686A}
		{39F631BC-E8BC-4846-9DA5-CF8D6BA8CC9E} = {7238394A-B73B-4CD1-97E9-FBA376A5686A}
		{25AA9295-5980-4EDB-B6F8-FD5D58E5CC0B} = {7238394A-B73B-4CD1-97E9-FBA376A5686A}
		{20C13E03-FD34-4464-8BC7-A90E6A35306B} = {034CFB37-9149-4121-A288-C79658E8BA86}
		{2FA392D2-DFDB-48C1-A4C0-BAC6E5C78CE9} = {8D1D6183-5150-4C5E-9793-9EEB05EC66D1}
		{DF25E1C3-BCE7-4719-9991-D816B8F612D8} = {2FA392D2-DFDB-48C1-A4C0-BAC6E5C78CE9}
		{D7FB3DF0-BA8C-4907-A2E9-1C1BD97A1DF0} = {1F0CB0B9-7F76-49E0-A95F-4644512E2585}
		{947387D0-0878-4B94-92CF-9F02D7A85AB1} = {7238394A-B73B-4CD1-97E9-FBA376A5686A}
		{B6DFF5FF-28A1-4443-A35D-E836CABF40DF} = {2FA392D2-DFDB-48C1-A4C0-BAC6E5C78CE9}
	EndGlobalSection
	GlobalSection(ProjectConfigurationPlatforms) = postSolution
		{705D8400-A88B-4629-B009-4BCFA9793AD4}.Debug|Any CPU.ActiveCfg = Debug|Any CPU
		{705D8400-A88B-4629-B009-4BCFA9793AD4}.Debug|Any CPU.Build.0 = Debug|Any CPU
		{705D8400-A88B-4629-B009-4BCFA9793AD4}.Release|Any CPU.ActiveCfg = Release|Any CPU
		{705D8400-A88B-4629-B009-4BCFA9793AD4}.Release|Any CPU.Build.0 = Release|Any CPU
		{15202B38-AAA9-42E8-9602-6AEADC3D8A80}.Debug|Any CPU.ActiveCfg = Debug|Any CPU
		{15202B38-AAA9-42E8-9602-6AEADC3D8A80}.Debug|Any CPU.Build.0 = Debug|Any CPU
		{15202B38-AAA9-42E8-9602-6AEADC3D8A80}.Release|Any CPU.ActiveCfg = Release|Any CPU
		{15202B38-AAA9-42E8-9602-6AEADC3D8A80}.Release|Any CPU.Build.0 = Release|Any CPU
		{CC32E96B-31C2-438A-988C-820B5372B52B}.Debug|Any CPU.ActiveCfg = Debug|Any CPU
		{CC32E96B-31C2-438A-988C-820B5372B52B}.Debug|Any CPU.Build.0 = Debug|Any CPU
		{CC32E96B-31C2-438A-988C-820B5372B52B}.Release|Any CPU.ActiveCfg = Release|Any CPU
		{CC32E96B-31C2-438A-988C-820B5372B52B}.Release|Any CPU.Build.0 = Release|Any CPU
		{8C7DB6D0-6C7A-4A9D-B5C3-73546B9D734F}.Debug|Any CPU.ActiveCfg = Debug|Any CPU
		{8C7DB6D0-6C7A-4A9D-B5C3-73546B9D734F}.Debug|Any CPU.Build.0 = Debug|Any CPU
		{8C7DB6D0-6C7A-4A9D-B5C3-73546B9D734F}.Release|Any CPU.ActiveCfg = Release|Any CPU
		{8C7DB6D0-6C7A-4A9D-B5C3-73546B9D734F}.Release|Any CPU.Build.0 = Release|Any CPU
		{C0D1CB07-3113-4D1A-B686-D57D37AE30EB}.Debug|Any CPU.ActiveCfg = Debug|Any CPU
		{C0D1CB07-3113-4D1A-B686-D57D37AE30EB}.Debug|Any CPU.Build.0 = Debug|Any CPU
		{C0D1CB07-3113-4D1A-B686-D57D37AE30EB}.Release|Any CPU.ActiveCfg = Release|Any CPU
		{C0D1CB07-3113-4D1A-B686-D57D37AE30EB}.Release|Any CPU.Build.0 = Release|Any CPU
		{7E25A1A6-2F50-4E47-B71F-99889F0E2C56}.Debug|Any CPU.ActiveCfg = Debug|Any CPU
		{7E25A1A6-2F50-4E47-B71F-99889F0E2C56}.Debug|Any CPU.Build.0 = Debug|Any CPU
		{7E25A1A6-2F50-4E47-B71F-99889F0E2C56}.Release|Any CPU.ActiveCfg = Release|Any CPU
		{7E25A1A6-2F50-4E47-B71F-99889F0E2C56}.Release|Any CPU.Build.0 = Release|Any CPU
		{714E9751-FF32-435D-BE28-E73BEFD19F25}.Debug|Any CPU.ActiveCfg = Debug|Any CPU
		{714E9751-FF32-435D-BE28-E73BEFD19F25}.Debug|Any CPU.Build.0 = Debug|Any CPU
		{714E9751-FF32-435D-BE28-E73BEFD19F25}.Release|Any CPU.ActiveCfg = Release|Any CPU
		{714E9751-FF32-435D-BE28-E73BEFD19F25}.Release|Any CPU.Build.0 = Release|Any CPU
		{74B071A4-9F39-478A-B24F-AD797AE8CC6E}.Debug|Any CPU.ActiveCfg = Debug|Any CPU
		{74B071A4-9F39-478A-B24F-AD797AE8CC6E}.Debug|Any CPU.Build.0 = Debug|Any CPU
		{74B071A4-9F39-478A-B24F-AD797AE8CC6E}.Release|Any CPU.ActiveCfg = Release|Any CPU
		{74B071A4-9F39-478A-B24F-AD797AE8CC6E}.Release|Any CPU.Build.0 = Release|Any CPU
		{3EBF0C39-CEAC-40BF-95F9-4EF8AB71DCF3}.Debug|Any CPU.ActiveCfg = Debug|Any CPU
		{3EBF0C39-CEAC-40BF-95F9-4EF8AB71DCF3}.Debug|Any CPU.Build.0 = Debug|Any CPU
		{3EBF0C39-CEAC-40BF-95F9-4EF8AB71DCF3}.Release|Any CPU.ActiveCfg = Release|Any CPU
		{3EBF0C39-CEAC-40BF-95F9-4EF8AB71DCF3}.Release|Any CPU.Build.0 = Release|Any CPU
		{B1C541DA-2C0B-4A82-9028-4BDC6062B86C}.Debug|Any CPU.ActiveCfg = Debug|Any CPU
		{B1C541DA-2C0B-4A82-9028-4BDC6062B86C}.Debug|Any CPU.Build.0 = Debug|Any CPU
		{B1C541DA-2C0B-4A82-9028-4BDC6062B86C}.Release|Any CPU.ActiveCfg = Release|Any CPU
		{B1C541DA-2C0B-4A82-9028-4BDC6062B86C}.Release|Any CPU.Build.0 = Release|Any CPU
		{F981CAC2-0D21-4F88-99FF-6AC121FE91DB}.Debug|Any CPU.ActiveCfg = Debug|Any CPU
		{F981CAC2-0D21-4F88-99FF-6AC121FE91DB}.Debug|Any CPU.Build.0 = Debug|Any CPU
		{F981CAC2-0D21-4F88-99FF-6AC121FE91DB}.Release|Any CPU.ActiveCfg = Release|Any CPU
		{F981CAC2-0D21-4F88-99FF-6AC121FE91DB}.Release|Any CPU.Build.0 = Release|Any CPU
		{39F631BC-E8BC-4846-9DA5-CF8D6BA8CC9E}.Debug|Any CPU.ActiveCfg = Debug|Any CPU
		{39F631BC-E8BC-4846-9DA5-CF8D6BA8CC9E}.Debug|Any CPU.Build.0 = Debug|Any CPU
		{39F631BC-E8BC-4846-9DA5-CF8D6BA8CC9E}.Release|Any CPU.ActiveCfg = Release|Any CPU
		{39F631BC-E8BC-4846-9DA5-CF8D6BA8CC9E}.Release|Any CPU.Build.0 = Release|Any CPU
		{25AA9295-5980-4EDB-B6F8-FD5D58E5CC0B}.Debug|Any CPU.ActiveCfg = Debug|Any CPU
		{25AA9295-5980-4EDB-B6F8-FD5D58E5CC0B}.Debug|Any CPU.Build.0 = Debug|Any CPU
		{25AA9295-5980-4EDB-B6F8-FD5D58E5CC0B}.Release|Any CPU.ActiveCfg = Release|Any CPU
		{25AA9295-5980-4EDB-B6F8-FD5D58E5CC0B}.Release|Any CPU.Build.0 = Release|Any CPU
		{20C13E03-FD34-4464-8BC7-A90E6A35306B}.Debug|Any CPU.ActiveCfg = Debug|Any CPU
		{20C13E03-FD34-4464-8BC7-A90E6A35306B}.Debug|Any CPU.Build.0 = Debug|Any CPU
		{20C13E03-FD34-4464-8BC7-A90E6A35306B}.Release|Any CPU.ActiveCfg = Release|Any CPU
		{20C13E03-FD34-4464-8BC7-A90E6A35306B}.Release|Any CPU.Build.0 = Release|Any CPU
		{DF25E1C3-BCE7-4719-9991-D816B8F612D8}.Debug|Any CPU.ActiveCfg = Debug|Any CPU
		{DF25E1C3-BCE7-4719-9991-D816B8F612D8}.Debug|Any CPU.Build.0 = Debug|Any CPU
		{DF25E1C3-BCE7-4719-9991-D816B8F612D8}.Release|Any CPU.ActiveCfg = Release|Any CPU
		{DF25E1C3-BCE7-4719-9991-D816B8F612D8}.Release|Any CPU.Build.0 = Release|Any CPU
		{D7FB3DF0-BA8C-4907-A2E9-1C1BD97A1DF0}.Debug|Any CPU.ActiveCfg = Debug|Any CPU
		{D7FB3DF0-BA8C-4907-A2E9-1C1BD97A1DF0}.Debug|Any CPU.Build.0 = Debug|Any CPU
		{D7FB3DF0-BA8C-4907-A2E9-1C1BD97A1DF0}.Release|Any CPU.ActiveCfg = Release|Any CPU
		{D7FB3DF0-BA8C-4907-A2E9-1C1BD97A1DF0}.Release|Any CPU.Build.0 = Release|Any CPU
		{947387D0-0878-4B94-92CF-9F02D7A85AB1}.Debug|Any CPU.ActiveCfg = Debug|Any CPU
		{947387D0-0878-4B94-92CF-9F02D7A85AB1}.Debug|Any CPU.Build.0 = Debug|Any CPU
		{947387D0-0878-4B94-92CF-9F02D7A85AB1}.Release|Any CPU.ActiveCfg = Release|Any CPU
		{947387D0-0878-4B94-92CF-9F02D7A85AB1}.Release|Any CPU.Build.0 = Release|Any CPU
		{B6DFF5FF-28A1-4443-A35D-E836CABF40DF}.Debug|Any CPU.ActiveCfg = Debug|Any CPU
		{B6DFF5FF-28A1-4443-A35D-E836CABF40DF}.Debug|Any CPU.Build.0 = Debug|Any CPU
		{B6DFF5FF-28A1-4443-A35D-E836CABF40DF}.Release|Any CPU.ActiveCfg = Release|Any CPU
		{B6DFF5FF-28A1-4443-A35D-E836CABF40DF}.Release|Any CPU.Build.0 = Release|Any CPU
	EndGlobalSection
EndGlobal
