
Microsoft Visual Studio Solution File, Format Version 12.00
Project("{2150E333-8FDC-42A3-9474-1A3956D46DE8}") = "src", "src", "{1F0CB0B9-7F76-49E0-A95F-4644512E2585}"
EndProject
Project("{2150E333-8FDC-42A3-9474-1A3956D46DE8}") = "tests", "tests", "{034CFB37-9149-4121-A288-C79658E8BA86}"
EndProject
Project("{FAE04EC0-301F-11D3-BF4B-00C04F79EFBC}") = "CookBook.Core", "src\CookBook.Core\CookBook.Core.csproj", "{705D8400-A88B-4629-B009-4BCFA9793AD4}"
EndProject
Project("{FAE04EC0-301F-11D3-BF4B-00C04F79EFBC}") = "CookBook.Infrastructure", "src\CookBook.Infrastructure\CookBook.Infrastructure.csproj", "{15202B38-AAA9-42E8-9602-6AEADC3D8A80}"
EndProject
Project("{FAE04EC0-301F-11D3-BF4B-00C04F79EFBC}") = "CookBook.Application", "src\CookBook.Application\CookBook.Application.csproj", "{CC32E96B-31C2-438A-988C-820B5372B52B}"
EndProject
Project("{FAE04EC0-301F-11D3-BF4B-00C04F79EFBC}") = "CookBook.Blazor.Server", "src\CookBook.Blazor\Server\CookBook.Blazor.Server.csproj", "{8C7DB6D0-6C7A-4A9D-B5C3-73546B9D734F}"
EndProject
Project("{FAE04EC0-301F-11D3-BF4B-00C04F79EFBC}") = "CookBook.Blazor.Client", "src\CookBook.Blazor\Client\CookBook.Blazor.Client.csproj", "{C0D1CB07-3113-4D1A-B686-D57D37AE30EB}"
EndProject
Project("{FAE04EC0-301F-11D3-BF4B-00C04F79EFBC}") = "CookBook.Application.Tests", "tests\CookBook.Application.Tests\CookBook.Application.Tests.csproj", "{7E25A1A6-2F50-4E47-B71F-99889F0E2C56}"
EndProject
Project("{FAE04EC0-301F-11D3-BF4B-00C04F79EFBC}") = "CookBook.Core.Tests", "tests\CookBook.Core.Tests\CookBook.Core.Tests.csproj", "{714E9751-FF32-435D-BE28-E73BEFD19F25}"
EndProject
Project("{FAE04EC0-301F-11D3-BF4B-00C04F79EFBC}") = "CookBook.Server.Tests", "tests\CookBook.Server.Tests\CookBook.Server.Tests.csproj", "{74B071A4-9F39-478A-B24F-AD797AE8CC6E}"
EndProject
Project("{FAE04EC0-301F-11D3-BF4B-00C04F79EFBC}") = "CookBook.Test", "tests\CookBook.Test\CookBook.Test.csproj", "{20C13E03-FD34-4464-8BC7-A90E6A35306B}"
EndProject
Project("{FAE04EC0-301F-11D3-BF4B-00C04F79EFBC}") = "CookBook.Shared", "src\CookBook.Shared\CookBook.Shared.csproj", "{D7FB3DF0-BA8C-4907-A2E9-1C1BD97A1DF0}"
EndProject
Project("{FAE04EC0-301F-11D3-BF4B-00C04F79EFBC}") = "CookBook.Data.Tests", "tests\CookBook.Data.Tests\CookBook.Data.Tests.csproj", "{BC31810E-30F0-40B3-A575-F6E8C42D66B9}"
EndProject
Project("{FAE04EC0-301F-11D3-BF4B-00C04F79EFBC}") = "CookBook.Data", "src\CookBook.Data\CookBook.Data.csproj", "{DFF35AA6-8B34-4B30-9B8B-71CEBC8F56D6}"
EndProject
Project("{FAE04EC0-301F-11D3-BF4B-00C04F79EFBC}") = "CookBook.Architecture.Tests", "tests\CookBook.Architecture.Tests\CookBook.Architecture.Tests.csproj", "{2C3AF265-23C1-46D2-972D-302AE08D1F59}"
EndProject
Global
	GlobalSection(SolutionConfigurationPlatforms) = preSolution
		Debug|Any CPU = Debug|Any CPU
		Release|Any CPU = Release|Any CPU
	EndGlobalSection
	GlobalSection(NestedProjects) = preSolution
		{705D8400-A88B-4629-B009-4BCFA9793AD4} = {1F0CB0B9-7F76-49E0-A95F-4644512E2585}
		{15202B38-AAA9-42E8-9602-6AEADC3D8A80} = {1F0CB0B9-7F76-49E0-A95F-4644512E2585}
		{CC32E96B-31C2-438A-988C-820B5372B52B} = {1F0CB0B9-7F76-49E0-A95F-4644512E2585}
		{8C7DB6D0-6C7A-4A9D-B5C3-73546B9D734F} = {1F0CB0B9-7F76-49E0-A95F-4644512E2585}
		{C0D1CB07-3113-4D1A-B686-D57D37AE30EB} = {1F0CB0B9-7F76-49E0-A95F-4644512E2585}
		{7E25A1A6-2F50-4E47-B71F-99889F0E2C56} = {034CFB37-9149-4121-A288-C79658E8BA86}
		{714E9751-FF32-435D-BE28-E73BEFD19F25} = {034CFB37-9149-4121-A288-C79658E8BA86}
		{74B071A4-9F39-478A-B24F-AD797AE8CC6E} = {034CFB37-9149-4121-A288-C79658E8BA86}
		{20C13E03-FD34-4464-8BC7-A90E6A35306B} = {034CFB37-9149-4121-A288-C79658E8BA86}
		{D7FB3DF0-BA8C-4907-A2E9-1C1BD97A1DF0} = {1F0CB0B9-7F76-49E0-A95F-4644512E2585}
		{BC31810E-30F0-40B3-A575-F6E8C42D66B9} = {034CFB37-9149-4121-A288-C79658E8BA86}
		{DFF35AA6-8B34-4B30-9B8B-71CEBC8F56D6} = {1F0CB0B9-7F76-49E0-A95F-4644512E2585}
		{2C3AF265-23C1-46D2-972D-302AE08D1F59} = {034CFB37-9149-4121-A288-C79658E8BA86}
	EndGlobalSection
	GlobalSection(ProjectConfigurationPlatforms) = postSolution
		{705D8400-A88B-4629-B009-4BCFA9793AD4}.Debug|Any CPU.ActiveCfg = Debug|Any CPU
		{705D8400-A88B-4629-B009-4BCFA9793AD4}.Debug|Any CPU.Build.0 = Debug|Any CPU
		{705D8400-A88B-4629-B009-4BCFA9793AD4}.Release|Any CPU.ActiveCfg = Release|Any CPU
		{705D8400-A88B-4629-B009-4BCFA9793AD4}.Release|Any CPU.Build.0 = Release|Any CPU
		{15202B38-AAA9-42E8-9602-6AEADC3D8A80}.Debug|Any CPU.ActiveCfg = Debug|Any CPU
		{15202B38-AAA9-42E8-9602-6AEADC3D8A80}.Debug|Any CPU.Build.0 = Debug|Any CPU
		{15202B38-AAA9-42E8-9602-6AEADC3D8A80}.Release|Any CPU.ActiveCfg = Release|Any CPU
		{15202B38-AAA9-42E8-9602-6AEADC3D8A80}.Release|Any CPU.Build.0 = Release|Any CPU
		{CC32E96B-31C2-438A-988C-820B5372B52B}.Debug|Any CPU.ActiveCfg = Debug|Any CPU
		{CC32E96B-31C2-438A-988C-820B5372B52B}.Debug|Any CPU.Build.0 = Debug|Any CPU
		{CC32E96B-31C2-438A-988C-820B5372B52B}.Release|Any CPU.ActiveCfg = Release|Any CPU
		{CC32E96B-31C2-438A-988C-820B5372B52B}.Release|Any CPU.Build.0 = Release|Any CPU
		{8C7DB6D0-6C7A-4A9D-B5C3-73546B9D734F}.Debug|Any CPU.ActiveCfg = Debug|Any CPU
		{8C7DB6D0-6C7A-4A9D-B5C3-73546B9D734F}.Debug|Any CPU.Build.0 = Debug|Any CPU
		{8C7DB6D0-6C7A-4A9D-B5C3-73546B9D734F}.Release|Any CPU.ActiveCfg = Release|Any CPU
		{8C7DB6D0-6C7A-4A9D-B5C3-73546B9D734F}.Release|Any CPU.Build.0 = Release|Any CPU
		{C0D1CB07-3113-4D1A-B686-D57D37AE30EB}.Debug|Any CPU.ActiveCfg = Debug|Any CPU
		{C0D1CB07-3113-4D1A-B686-D57D37AE30EB}.Debug|Any CPU.Build.0 = Debug|Any CPU
		{C0D1CB07-3113-4D1A-B686-D57D37AE30EB}.Release|Any CPU.ActiveCfg = Release|Any CPU
		{C0D1CB07-3113-4D1A-B686-D57D37AE30EB}.Release|Any CPU.Build.0 = Release|Any CPU
		{7E25A1A6-2F50-4E47-B71F-99889F0E2C56}.Debug|Any CPU.ActiveCfg = Debug|Any CPU
		{7E25A1A6-2F50-4E47-B71F-99889F0E2C56}.Debug|Any CPU.Build.0 = Debug|Any CPU
		{7E25A1A6-2F50-4E47-B71F-99889F0E2C56}.Release|Any CPU.ActiveCfg = Release|Any CPU
		{7E25A1A6-2F50-4E47-B71F-99889F0E2C56}.Release|Any CPU.Build.0 = Release|Any CPU
		{714E9751-FF32-435D-BE28-E73BEFD19F25}.Debug|Any CPU.ActiveCfg = Debug|Any CPU
		{714E9751-FF32-435D-BE28-E73BEFD19F25}.Debug|Any CPU.Build.0 = Debug|Any CPU
		{714E9751-FF32-435D-BE28-E73BEFD19F25}.Release|Any CPU.ActiveCfg = Release|Any CPU
		{714E9751-FF32-435D-BE28-E73BEFD19F25}.Release|Any CPU.Build.0 = Release|Any CPU
		{74B071A4-9F39-478A-B24F-AD797AE8CC6E}.Debug|Any CPU.ActiveCfg = Debug|Any CPU
		{74B071A4-9F39-478A-B24F-AD797AE8CC6E}.Debug|Any CPU.Build.0 = Debug|Any CPU
		{74B071A4-9F39-478A-B24F-AD797AE8CC6E}.Release|Any CPU.ActiveCfg = Release|Any CPU
		{74B071A4-9F39-478A-B24F-AD797AE8CC6E}.Release|Any CPU.Build.0 = Release|Any CPU
		{20C13E03-FD34-4464-8BC7-A90E6A35306B}.Debug|Any CPU.ActiveCfg = Debug|Any CPU
		{20C13E03-FD34-4464-8BC7-A90E6A35306B}.Debug|Any CPU.Build.0 = Debug|Any CPU
		{20C13E03-FD34-4464-8BC7-A90E6A35306B}.Release|Any CPU.ActiveCfg = Release|Any CPU
		{20C13E03-FD34-4464-8BC7-A90E6A35306B}.Release|Any CPU.Build.0 = Release|Any CPU
		{D7FB3DF0-BA8C-4907-A2E9-1C1BD97A1DF0}.Debug|Any CPU.ActiveCfg = Debug|Any CPU
		{D7FB3DF0-BA8C-4907-A2E9-1C1BD97A1DF0}.Debug|Any CPU.Build.0 = Debug|Any CPU
		{D7FB3DF0-BA8C-4907-A2E9-1C1BD97A1DF0}.Release|Any CPU.ActiveCfg = Release|Any CPU
		{D7FB3DF0-BA8C-4907-A2E9-1C1BD97A1DF0}.Release|Any CPU.Build.0 = Release|Any CPU
		{BC31810E-30F0-40B3-A575-F6E8C42D66B9}.Debug|Any CPU.ActiveCfg = Debug|Any CPU
		{BC31810E-30F0-40B3-A575-F6E8C42D66B9}.Debug|Any CPU.Build.0 = Debug|Any CPU
		{BC31810E-30F0-40B3-A575-F6E8C42D66B9}.Release|Any CPU.ActiveCfg = Release|Any CPU
		{BC31810E-30F0-40B3-A575-F6E8C42D66B9}.Release|Any CPU.Build.0 = Release|Any CPU
		{DFF35AA6-8B34-4B30-9B8B-71CEBC8F56D6}.Debug|Any CPU.ActiveCfg = Debug|Any CPU
		{DFF35AA6-8B34-4B30-9B8B-71CEBC8F56D6}.Debug|Any CPU.Build.0 = Debug|Any CPU
		{DFF35AA6-8B34-4B30-9B8B-71CEBC8F56D6}.Release|Any CPU.ActiveCfg = Release|Any CPU
		{DFF35AA6-8B34-4B30-9B8B-71CEBC8F56D6}.Release|Any CPU.Build.0 = Release|Any CPU
		{2C3AF265-23C1-46D2-972D-302AE08D1F59}.Debug|Any CPU.ActiveCfg = Debug|Any CPU
		{2C3AF265-23C1-46D2-972D-302AE08D1F59}.Debug|Any CPU.Build.0 = Debug|Any CPU
		{2C3AF265-23C1-46D2-972D-302AE08D1F59}.Release|Any CPU.ActiveCfg = Release|Any CPU
		{2C3AF265-23C1-46D2-972D-302AE08D1F59}.Release|Any CPU.Build.0 = Release|Any CPU
	EndGlobalSection
EndGlobal
